
Microsoft Visual Studio Solution File, Format Version 12.00
# Visual Studio 15
VisualStudioVersion = 15.0.27703.2035
MinimumVisualStudioVersion = 10.0.40219.1
Project("{8BC9CEB8-8B4A-11D0-8D11-00A0C91BC942}") = "opencv1.3", "opencv1.3\opencv1.3.vcxproj", "{EAD101AA-25FC-4EBD-8337-AEF520679262}"
EndProject
Global
	GlobalSection(SolutionConfigurationPlatforms) = preSolution
		Debug|x64 = Debug|x64
		Debug|x86 = Debug|x86
		Release|x64 = Release|x64
		Release|x86 = Release|x86
	EndGlobalSection
	GlobalSection(ProjectConfigurationPlatforms) = postSolution
		{EAD101AA-25FC-4EBD-8337-AEF520679262}.Debug|x64.ActiveCfg = Debug|x64
		{EAD101AA-25FC-4EBD-8337-AEF520679262}.Debug|x64.Build.0 = Debug|x64
		{EAD101AA-25FC-4EBD-8337-AEF520679262}.Debug|x86.ActiveCfg = Debug|Win32
		{EAD101AA-25FC-4EBD-8337-AEF520679262}.Debug|x86.Build.0 = Debug|Win32
		{EAD101AA-25FC-4EBD-8337-AEF520679262}.Release|x64.ActiveCfg = Release|x64
		{EAD101AA-25FC-4EBD-8337-AEF520679262}.Release|x64.Build.0 = Release|x64
		{EAD101AA-25FC-4EBD-8337-AEF520679262}.Release|x86.ActiveCfg = Release|Win32
		{EAD101AA-25FC-4EBD-8337-AEF520679262}.Release|x86.Build.0 = Release|Win32
	EndGlobalSection
	GlobalSection(SolutionProperties) = preSolution
		HideSolutionNode = FALSE
	EndGlobalSection
	GlobalSection(ExtensibilityGlobals) = postSolution
		SolutionGuid = {F8E1678F-5BD6-453D-B602-483FCF0BEA44}
	EndGlobalSection
EndGlobal
